
Microsoft Visual Studio Solution File, Format Version 12.00
# Visual Studio Version 17
VisualStudioVersion = 17.2.32516.85
MinimumVisualStudioVersion = 10.0.40219.1
Project("{9A19103F-16F7-4668-BE54-9A1E7A4F7556}") = "TestSourceLink", "TestSourceLink\TestSourceLink.csproj", "{5DFD10C9-95FC-4A03-A845-7958F3C0126D}"
EndProject
Project("{2150E333-8FDC-42A3-9474-1A3956D46DE8}") = "解决方案项", "解决方案项", "{A05D45D9-6026-426B-A081-3F35C3579A85}"
	ProjectSection(SolutionItems) = preProject
		.appveyor.yml = .appveyor.yml
	EndProjectSection
EndProject
Project("{FAE04EC0-301F-11D3-BF4B-00C04F79EFBC}") = "TestSourceLink.tests", "TestSourceLink.tests\TestSourceLink.tests.csproj", "{7B6F6392-B10D-4C89-A012-FB20C98DB5C2}"
EndProject
Global
	GlobalSection(SolutionConfigurationPlatforms) = preSolution
		Debug|Any CPU = Debug|Any CPU
		Release|Any CPU = Release|Any CPU
	EndGlobalSection
	GlobalSection(ProjectConfigurationPlatforms) = postSolution
		{5DFD10C9-95FC-4A03-A845-7958F3C0126D}.Debug|Any CPU.ActiveCfg = Debug|Any CPU
		{5DFD10C9-95FC-4A03-A845-7958F3C0126D}.Debug|Any CPU.Build.0 = Debug|Any CPU
		{5DFD10C9-95FC-4A03-A845-7958F3C0126D}.Release|Any CPU.ActiveCfg = Release|Any CPU
		{5DFD10C9-95FC-4A03-A845-7958F3C0126D}.Release|Any CPU.Build.0 = Release|Any CPU
		{7B6F6392-B10D-4C89-A012-FB20C98DB5C2}.Debug|Any CPU.ActiveCfg = Debug|Any CPU
		{7B6F6392-B10D-4C89-A012-FB20C98DB5C2}.Debug|Any CPU.Build.0 = Debug|Any CPU
		{7B6F6392-B10D-4C89-A012-FB20C98DB5C2}.Release|Any CPU.ActiveCfg = Release|Any CPU
		{7B6F6392-B10D-4C89-A012-FB20C98DB5C2}.Release|Any CPU.Build.0 = Release|Any CPU
	EndGlobalSection
	GlobalSection(SolutionProperties) = preSolution
		HideSolutionNode = FALSE
	EndGlobalSection
	GlobalSection(ExtensibilityGlobals) = postSolution
		SolutionGuid = {D83335A5-6FFD-471F-8A79-5433B5A990BB}
	EndGlobalSection
EndGlobal
